
Microsoft Visual Studio Solution File, Format Version 12.00
# Visual Studio Version 17
VisualStudioVersion = 17.14.36414.22 d17.14
MinimumVisualStudioVersion = 10.0.40219.1
Project("{FAE04EC0-301F-11D3-BF4B-00C04F79EFBC}") = "TPV_Gastronomico", "TPV_Gastronomico.csproj", "{56295DAD-39EE-AD1E-71F8-D66E9E335E8A}"
EndProject
Global
	GlobalSection(SolutionConfigurationPlatforms) = preSolution
		Debug|Any CPU = Debug|Any CPU
		Release|Any CPU = Release|Any CPU
	EndGlobalSection
	GlobalSection(ProjectConfigurationPlatforms) = postSolution
		{56295DAD-39EE-AD1E-71F8-D66E9E335E8A}.Debug|Any CPU.ActiveCfg = Debug|Any CPU
		{56295DAD-39EE-AD1E-71F8-D66E9E335E8A}.Debug|Any CPU.Build.0 = Debug|Any CPU
		{56295DAD-39EE-AD1E-71F8-D66E9E335E8A}.Release|Any CPU.ActiveCfg = Release|Any CPU
		{56295DAD-39EE-AD1E-71F8-D66E9E335E8A}.Release|Any CPU.Build.0 = Release|Any CPU
	EndGlobalSection
	GlobalSection(SolutionProperties) = preSolution
		HideSolutionNode = FALSE
	EndGlobalSection
	GlobalSection(ExtensibilityGlobals) = postSolution
		SolutionGuid = {ECB9AE3C-A1C4-4C42-9297-AE67092B0AD1}
	EndGlobalSection
EndGlobal
